<Solution>
  <Project Path="../../../src/PineGuard.Core/PineGuard.Core.csproj" />
  <Project Path="../../../tests/PineGuard.Core.UnitTests/PineGuard.Core.UnitTests.csproj" />
  <Project Path="../../../src/PineGuard.MustClauses/PineGuard.MustClauses.csproj" />
  <Project Path="../../../tests/PineGuard.MustClauses.UnitTests/PineGuard.MustClauses.UnitTests.csproj" />
  <Project Path="../../../src/PineGuard.GuardClauses/PineGuard.GuardClauses.csproj" />
  <Project Path="../../../tests/PineGuard.GuardClauses.UnitTests/PineGuard.GuardClauses.UnitTests.csproj" />
  <Project Path="../../../src/PineGuard.FluentValidation/PineGuard.FluentValidation.csproj" />
  <Project Path="../../../tests/PineGuard.FluentValidation.UnitTests/PineGuard.FluentValidation.UnitTests.csproj" />
  <Project Path="../../../src/PineGuard.DataAnnotations/PineGuard.DataAnnotations.csproj" />
  <Project Path="../../../tests/PineGuard.DataAnnotations.UnitTests/PineGuard.DataAnnotations.UnitTests.csproj" />
  <Project Path="../../../src/PineGuard.Extensions.Options/PineGuard.Extensions.Options.csproj" />
  <Project Path="../../../tests/PineGuard.Extensions.Options.UnitTests/PineGuard.Extensions.Options.UnitTests.csproj" />
  <Project Path="../../../src/PineGuard.ErrorOr/PineGuard.ErrorOr.csproj" />
  <Project Path="../../../tests/PineGuard.ErrorOr.UnitTests/PineGuard.ErrorOr.UnitTests.csproj" />
  <Project Path="../../../src/PineGuard.FluentResults/PineGuard.FluentResults.csproj" />
  <Project Path="../../../tests/PineGuard.FluentResults.UnitTests/PineGuard.FluentResults.UnitTests.csproj" />
  <Project Path="../../../src/PineGuard.OneOf/PineGuard.OneOf.csproj" />
  <Project Path="../../../tests/PineGuard.OneOf.UnitTests/PineGuard.OneOf.UnitTests.csproj" />
  <Project Path="../../../tests/PineGuard.Testing/PineGuard.Testing.csproj" />
  <Project Path="../../../tests/PineGuard.Testing.UnitTests/PineGuard.Testing.UnitTests.csproj" />
</Solution>

